
Microsoft Visual Studio Solution File, Format Version 12.00
# Visual Studio Version 17
VisualStudioVersion = 17.0.31912.275
MinimumVisualStudioVersion = 10.0.40219.1
Project("{8BC9CEB8-8B4A-11D0-8D11-00A0C91BC942}") = "large_sector_fix", "large_sector_fix.vcxproj", "{875C216D-A9B5-4C65-9D7C-4C8AAE8C91BF}"
EndProject
Global
	GlobalSection(SolutionConfigurationPlatforms) = preSolution
		Debug|x64 = Debug|x64
		Debug|x86 = Debug|x86
		Release|x64 = Release|x64
		Release|x86 = Release|x86
	EndGlobalSection
	GlobalSection(ProjectConfigurationPlatforms) = postSolution
		{875C216D-A9B5-4C65-9D7C-4C8AAE8C91BF}.Debug|x64.ActiveCfg = Debug|x64
		{875C216D-A9B5-4C65-9D7C-4C8AAE8C91BF}.Debug|x64.Build.0 = Debug|x64
		{875C216D-A9B5-4C65-9D7C-4C8AAE8C91BF}.Debug|x86.ActiveCfg = Debug|Win32
		{875C216D-A9B5-4C65-9D7C-4C8AAE8C91BF}.Debug|x86.Build.0 = Debug|Win32
		{875C216D-A9B5-4C65-9D7C-4C8AAE8C91BF}.Release|x64.ActiveCfg = Release|x64
		{875C216D-A9B5-4C65-9D7C-4C8AAE8C91BF}.Release|x64.Build.0 = Release|x64
		{875C216D-A9B5-4C65-9D7C-4C8AAE8C91BF}.Release|x86.ActiveCfg = Release|Win32
		{875C216D-A9B5-4C65-9D7C-4C8AAE8C91BF}.Release|x86.Build.0 = Release|Win32
	EndGlobalSection
	GlobalSection(SolutionProperties) = preSolution
		HideSolutionNode = FALSE
	EndGlobalSection
	GlobalSection(ExtensibilityGlobals) = postSolution
		SolutionGuid = {740F449B-79AD-41E7-AF98-4419B8F2E4BC}
	EndGlobalSection
EndGlobal
